// !$*UTF8*$!
{
	archiveVersion = 1;
	classes = {
	};
	objectVersion = 50;
	objects = {

/* Begin PBXBuildFile section */
		BA4969F4243B9A9A00C42E70 /* AppDelegate.swift in Sources */ = {isa = PBXBuildFile; fileRef = BA4969F3243B9A9A00C42E70 /* AppDelegate.swift */; };
		BA4969F6243B9A9A00C42E70 /* GameScene.sks in Resources */ = {isa = PBXBuildFile; fileRef = BA4969F5243B9A9A00C42E70 /* GameScene.sks */; };
		BA4969F8243B9A9A00C42E70 /* Actions.sks in Resources */ = {isa = PBXBuildFile; fileRef = BA4969F7243B9A9A00C42E70 /* Actions.sks */; };
		BA4969FA243B9A9A00C42E70 /* GameScene.swift in Sources */ = {isa = PBXBuildFile; fileRef = BA4969F9243B9A9A00C42E70 /* GameScene.swift */; };
		BA4969FC243B9A9A00C42E70 /* GameViewController.swift in Sources */ = {isa = PBXBuildFile; fileRef = BA4969FB243B9A9A00C42E70 /* GameViewController.swift */; };
		BA4969FF243B9A9A00C42E70 /* Main.storyboard in Resources */ = {isa = PBXBuildFile; fileRef = BA4969FD243B9A9A00C42E70 /* Main.storyboard */; };
		BA496A01243B9A9E00C42E70 /* Assets.xcassets in Resources */ = {isa = PBXBuildFile; fileRef = BA496A00243B9A9E00C42E70 /* Assets.xcassets */; };
		BA496A04243B9A9E00C42E70 /* LaunchScreen.storyboard in Resources */ = {isa = PBXBuildFile; fileRef = BA496A02243B9A9E00C42E70 /* LaunchScreen.storyboard */; };
		BA496A13243B9BE300C42E70 /* powerUp.wav in Resources */ = {isa = PBXBuildFile; fileRef = BA496A0C243B9BE300C42E70 /* powerUp.wav */; };
		BA496A14243B9BE300C42E70 /* move.wav in Resources */ = {isa = PBXBuildFile; fileRef = BA496A0D243B9BE300C42E70 /* move.wav */; };
		BA496A15243B9BE300C42E70 /* MenuHighscoreMusic.mp3 in Resources */ = {isa = PBXBuildFile; fileRef = BA496A0E243B9BE300C42E70 /* MenuHighscoreMusic.mp3 */; };
		BA496A16243B9BE300C42E70 /* background.wav in Resources */ = {isa = PBXBuildFile; fileRef = BA496A0F243B9BE300C42E70 /* background.wav */; };
		BA496A17243B9BE300C42E70 /* levelCompleted.wav in Resources */ = {isa = PBXBuildFile; fileRef = BA496A10243B9BE300C42E70 /* levelCompleted.wav */; };
		BA496A18243B9BE300C42E70 /* fail.wav in Resources */ = {isa = PBXBuildFile; fileRef = BA496A11243B9BE300C42E70 /* fail.wav */; };
		BA496A19243B9BE300C42E70 /* levelUp.wav in Resources */ = {isa = PBXBuildFile; fileRef = BA496A12243B9BE300C42E70 /* levelUp.wav */; };
		BA496A1B243BB3A900C42E70 /* pulse.sks in Resources */ = {isa = PBXBuildFile; fileRef = BA496A1A243BB3A900C42E70 /* pulse.sks */; };
		BA496A1D243BB47500C42E70 /* fireworks.sks in Resources */ = {isa = PBXBuildFile; fileRef = BA496A1C243BB47500C42E70 /* fireworks.sks */; };
/* End PBXBuildFile section */

/* Begin PBXFileReference section */
		BA4969F0243B9A9A00C42E70 /* ColorGame.app */ = {isa = PBXFileReference; explicitFileType = wrapper.application; includeInIndex = 0; path = ColorGame.app; sourceTree = BUILT_PRODUCTS_DIR; };
		BA4969F3243B9A9A00C42E70 /* AppDelegate.swift */ = {isa = PBXFileReference; lastKnownFileType = sourcecode.swift; path = AppDelegate.swift; sourceTree = "<group>"; };
		BA4969F5243B9A9A00C42E70 /* GameScene.sks */ = {isa = PBXFileReference; lastKnownFileType = file.sks; path = GameScene.sks; sourceTree = "<group>"; };
		BA4969F7243B9A9A00C42E70 /* Actions.sks */ = {isa = PBXFileReference; lastKnownFileType = file.sks; path = Actions.sks; sourceTree = "<group>"; };
		BA4969F9243B9A9A00C42E70 /* GameScene.swift */ = {isa = PBXFileReference; lastKnownFileType = sourcecode.swift; path = GameScene.swift; sourceTree = "<group>"; };
		BA4969FB243B9A9A00C42E70 /* GameViewController.swift */ = {isa = PBXFileReference; lastKnownFileType = sourcecode.swift; path = GameViewController.swift; sourceTree = "<group>"; };
		BA4969FE243B9A9A00C42E70 /* Base */ = {isa = PBXFileReference; lastKnownFileType = file.storyboard; name = Base; path = Base.lproj/Main.storyboard; sourceTree = "<group>"; };
		BA496A00243B9A9E00C42E70 /* Assets.xcassets */ = {isa = PBXFileReference; lastKnownFileType = folder.assetcatalog; path = Assets.xcassets; sourceTree = "<group>"; };
		BA496A03243B9A9E00C42E70 /* Base */ = {isa = PBXFileReference; lastKnownFileType = file.storyboard; name = Base; path = Base.lproj/LaunchScreen.storyboard; sourceTree = "<group>"; };
		BA496A05243B9A9E00C42E70 /* Info.plist */ = {isa = PBXFileReference; lastKnownFileType = text.plist.xml; path = Info.plist; sourceTree = "<group>"; };
		BA496A0C243B9BE300C42E70 /* powerUp.wav */ = {isa = PBXFileReference; lastKnownFileType = audio.wav; path = powerUp.wav; sourceTree = "<group>"; };
		BA496A0D243B9BE300C42E70 /* move.wav */ = {isa = PBXFileReference; lastKnownFileType = audio.wav; path = move.wav; sourceTree = "<group>"; };
		BA496A0E243B9BE300C42E70 /* MenuHighscoreMusic.mp3 */ = {isa = PBXFileReference; lastKnownFileType = audio.mp3; path = MenuHighscoreMusic.mp3; sourceTree = "<group>"; };
		BA496A0F243B9BE300C42E70 /* background.wav */ = {isa = PBXFileReference; lastKnownFileType = audio.wav; path = background.wav; sourceTree = "<group>"; };
		BA496A10243B9BE300C42E70 /* levelCompleted.wav */ = {isa = PBXFileReference; lastKnownFileType = audio.wav; path = levelCompleted.wav; sourceTree = "<group>"; };
		BA496A11243B9BE300C42E70 /* fail.wav */ = {isa = PBXFileReference; lastKnownFileType = audio.wav; path = fail.wav; sourceTree = "<group>"; };
		BA496A12243B9BE300C42E70 /* levelUp.wav */ = {isa = PBXFileReference; lastKnownFileType = audio.wav; path = levelUp.wav; sourceTree = "<group>"; };
		BA496A1A243BB3A900C42E70 /* pulse.sks */ = {isa = PBXFileReference; lastKnownFileType = file.sks; path = pulse.sks; sourceTree = "<group>"; };
		BA496A1C243BB47500C42E70 /* fireworks.sks */ = {isa = PBXFileReference; lastKnownFileType = file.sks; path = fireworks.sks; sourceTree = "<group>"; };
/* End PBXFileReference section */

/* Begin PBXFrameworksBuildPhase section */
		BA4969ED243B9A9A00C42E70 /* Frameworks */ = {
			isa = PBXFrameworksBuildPhase;
			buildActionMask = 2147483647;
			files = (
			);
			runOnlyForDeploymentPostprocessing = 0;
		};
/* End PBXFrameworksBuildPhase section */

/* Begin PBXGroup section */
		BA4969E7243B9A9A00C42E70 = {
			isa = PBXGroup;
			children = (
				BA4969F2243B9A9A00C42E70 /* ColorGame */,
				BA4969F1243B9A9A00C42E70 /* Products */,
			);
			sourceTree = "<group>";
		};
		BA4969F1243B9A9A00C42E70 /* Products */ = {
			isa = PBXGroup;
			children = (
				BA4969F0243B9A9A00C42E70 /* ColorGame.app */,
			);
			name = Products;
			sourceTree = "<group>";
		};
		BA4969F2243B9A9A00C42E70 /* ColorGame */ = {
			isa = PBXGroup;
			children = (
				BA4969F3243B9A9A00C42E70 /* AppDelegate.swift */,
				BA4969F5243B9A9A00C42E70 /* GameScene.sks */,
				BA4969F7243B9A9A00C42E70 /* Actions.sks */,
				BA496A1C243BB47500C42E70 /* fireworks.sks */,
				BA4969F9243B9A9A00C42E70 /* GameScene.swift */,
				BA496A1A243BB3A900C42E70 /* pulse.sks */,
				BA4969FB243B9A9A00C42E70 /* GameViewController.swift */,
				BA4969FD243B9A9A00C42E70 /* Main.storyboard */,
				BA496A0B243B9BE300C42E70 /* Sounds */,
				BA496A00243B9A9E00C42E70 /* Assets.xcassets */,
				BA496A02243B9A9E00C42E70 /* LaunchScreen.storyboard */,
				BA496A05243B9A9E00C42E70 /* Info.plist */,
			);
			path = ColorGame;
			sourceTree = "<group>";
		};
		BA496A0B243B9BE300C42E70 /* Sounds */ = {
			isa = PBXGroup;
			children = (
				BA496A0C243B9BE300C42E70 /* powerUp.wav */,
				BA496A0D243B9BE300C42E70 /* move.wav */,
				BA496A0E243B9BE300C42E70 /* MenuHighscoreMusic.mp3 */,
				BA496A0F243B9BE300C42E70 /* background.wav */,
				BA496A10243B9BE300C42E70 /* levelCompleted.wav */,
				BA496A11243B9BE300C42E70 /* fail.wav */,
				BA496A12243B9BE300C42E70 /* levelUp.wav */,
			);
			path = Sounds;
			sourceTree = "<group>";
		};
/* End PBXGroup section */

/* Begin PBXNativeTarget section */
		BA4969EF243B9A9A00C42E70 /* ColorGame */ = {
			isa = PBXNativeTarget;
			buildConfigurationList = BA496A08243B9A9E00C42E70 /* Build configuration list for PBXNativeTarget "ColorGame" */;
			buildPhases = (
				BA4969EC243B9A9A00C42E70 /* Sources */,
				BA4969ED243B9A9A00C42E70 /* Frameworks */,
				BA4969EE243B9A9A00C42E70 /* Resources */,
			);
			buildRules = (
			);
			dependencies = (
			);
			name = ColorGame;
			productName = ColorGame;
			productReference = BA4969F0243B9A9A00C42E70 /* ColorGame.app */;
			productType = "com.apple.product-type.application";
		};
/* End PBXNativeTarget section */

/* Begin PBXProject section */
		BA4969E8243B9A9A00C42E70 /* Project object */ = {
			isa = PBXProject;
			attributes = {
				LastSwiftUpdateCheck = 1140;
				LastUpgradeCheck = 1140;
				ORGANIZATIONNAME = "Bret Williams";
				TargetAttributes = {
					BA4969EF243B9A9A00C42E70 = {
						CreatedOnToolsVersion = 11.4;
					};
				};
			};
			buildConfigurationList = BA4969EB243B9A9A00C42E70 /* Build configuration list for PBXProject "ColorGame" */;
			compatibilityVersion = "Xcode 9.3";
			developmentRegion = en;
			hasScannedForEncodings = 0;
			knownRegions = (
				en,
				Base,
			);
			mainGroup = BA4969E7243B9A9A00C42E70;
			productRefGroup = BA4969F1243B9A9A00C42E70 /* Products */;
			projectDirPath = "";
			projectRoot = "";
			targets = (
				BA4969EF243B9A9A00C42E70 /* ColorGame */,
			);
		};
/* End PBXProject section */

/* Begin PBXResourcesBuildPhase section */
		BA4969EE243B9A9A00C42E70 /* Resources */ = {
			isa = PBXResourcesBuildPhase;
			buildActionMask = 2147483647;
			files = (
				BA4969FF243B9A9A00C42E70 /* Main.storyboard in Resources */,
				BA4969F6243B9A9A00C42E70 /* GameScene.sks in Resources */,
				BA496A16243B9BE300C42E70 /* background.wav in Resources */,
				BA496A17243B9BE300C42E70 /* levelCompleted.wav in Resources */,
				BA496A1D243BB47500C42E70 /* fireworks.sks in Resources */,
				BA496A19243B9BE300C42E70 /* levelUp.wav in Resources */,
				BA496A01243B9A9E00C42E70 /* Assets.xcassets in Resources */,
				BA496A14243B9BE300C42E70 /* move.wav in Resources */,
				BA496A1B243BB3A900C42E70 /* pulse.sks in Resources */,
				BA496A04243B9A9E00C42E70 /* LaunchScreen.storyboard in Resources */,
				BA4969F8243B9A9A00C42E70 /* Actions.sks in Resources */,
				BA496A18243B9BE300C42E70 /* fail.wav in Resources */,
				BA496A15243B9BE300C42E70 /* MenuHighscoreMusic.mp3 in Resources */,
				BA496A13243B9BE300C42E70 /* powerUp.wav in Resources */,
			);
			runOnlyForDeploymentPostprocessing = 0;
		};
/* End PBXResourcesBuildPhase section */

/* Begin PBXSourcesBuildPhase section */
		BA4969EC243B9A9A00C42E70 /* Sources */ = {
			isa = PBXSourcesBuildPhase;
			buildActionMask = 2147483647;
			files = (
				BA4969FA243B9A9A00C42E70 /* GameScene.swift in Sources */,
				BA4969FC243B9A9A00C42E70 /* GameViewController.swift in Sources */,
				BA4969F4243B9A9A00C42E70 /* AppDelegate.swift in Sources */,
			);
			runOnlyForDeploymentPostprocessing = 0;
		};
/* End PBXSourcesBuildPhase section */

/* Begin PBXVariantGroup section */
		BA4969FD243B9A9A00C42E70 /* Main.storyboard */ = {
			isa = PBXVariantGroup;
			children = (
				BA4969FE243B9A9A00C42E70 /* Base */,
			);
			name = Main.storyboard;
			sourceTree = "<group>";
		};
		BA496A02243B9A9E00C42E70 /* LaunchScreen.storyboard */ = {
			isa = PBXVariantGroup;
			children = (
				BA496A03243B9A9E00C42E70 /* Base */,
			);
			name = LaunchScreen.storyboard;
			sourceTree = "<group>";
		};
/* End PBXVariantGroup section */

/* Begin XCBuildConfiguration section */
		BA496A06243B9A9E00C42E70 /* Debug */ = {
			isa = XCBuildConfiguration;
			buildSettings = {
				ALWAYS_SEARCH_USER_PATHS = NO;
				CLANG_ANALYZER_NONNULL = YES;
				CLANG_ANALYZER_NUMBER_OBJECT_CONVERSION = YES_AGGRESSIVE;
				CLANG_CXX_LANGUAGE_STANDARD = "gnu++14";
				CLANG_CXX_LIBRARY = "libc++";
				CLANG_ENABLE_MODULES = YES;
				CLANG_ENABLE_OBJC_ARC = YES;
				CLANG_ENABLE_OBJC_WEAK = YES;
				CLANG_WARN_BLOCK_CAPTURE_AUTORELEASING = YES;
				CLANG_WARN_BOOL_CONVERSION = YES;
				CLANG_WARN_COMMA = YES;
				CLANG_WARN_CONSTANT_CONVERSION = YES;
				CLANG_WARN_DEPRECATED_OBJC_IMPLEMENTATIONS = YES;
				CLANG_WARN_DIRECT_OBJC_ISA_USAGE = YES_ERROR;
				CLANG_WARN_DOCUMENTATION_COMMENTS = YES;
				CLANG_WARN_EMPTY_BODY = YES;
				CLANG_WARN_ENUM_CONVERSION = YES;
				CLANG_WARN_INFINITE_RECURSION = YES;
				CLANG_WARN_INT_CONVERSION = YES;
				CLANG_WARN_NON_LITERAL_NULL_CONVERSION = YES;
				CLANG_WARN_OBJC_IMPLICIT_RETAIN_SELF = YES;
				CLANG_WARN_OBJC_LITERAL_CONVERSION = YES;
				CLANG_WARN_OBJC_ROOT_CLASS = YES_ERROR;
				CLANG_WARN_RANGE_LOOP_ANALYSIS = YES;
				CLANG_WARN_STRICT_PROTOTYPES = YES;
				CLANG_WARN_SUSPICIOUS_MOVE = YES;
				CLANG_WARN_UNGUARDED_AVAILABILITY = YES_AGGRESSIVE;
				CLANG_WARN_UNREACHABLE_CODE = YES;
				CLANG_WARN__DUPLICATE_METHOD_MATCH = YES;
				COPY_PHASE_STRIP = NO;
				DEBUG_INFORMATION_FORMAT = dwarf;
				ENABLE_STRICT_OBJC_MSGSEND = YES;
				ENABLE_TESTABILITY = YES;
				GCC_C_LANGUAGE_STANDARD = gnu11;
				GCC_DYNAMIC_NO_PIC = NO;
				GCC_NO_COMMON_BLOCKS = YES;
				GCC_OPTIMIZATION_LEVEL = 0;
				GCC_PREPROCESSOR_DEFINITIONS = (
					"DEBUG=1",
					"$(inherited)",
				);
				GCC_WARN_64_TO_32_BIT_CONVERSION = YES;
				GCC_WARN_ABOUT_RETURN_TYPE = YES_ERROR;
				GCC_WARN_UNDECLARED_SELECTOR = YES;
				GCC_WARN_UNINITIALIZED_AUTOS = YES_AGGRESSIVE;
				GCC_WARN_UNUSED_FUNCTION = YES;
				GCC_WARN_UNUSED_VARIABLE = YES;
				IPHONEOS_DEPLOYMENT_TARGET = 13.4;
				MTL_ENABLE_DEBUG_INFO = INCLUDE_SOURCE;
				MTL_FAST_MATH = YES;
				ONLY_ACTIVE_ARCH = YES;
				SDKROOT = iphoneos;
				SWIFT_ACTIVE_COMPILATION_CONDITIONS = DEBUG;
				SWIFT_OPTIMIZATION_LEVEL = "-Onone";
			};
			name = Debug;
		};
		BA496A07243B9A9E00C42E70 /* Release */ = {
			isa = XCBuildConfiguration;
			buildSettings = {
				ALWAYS_SEARCH_USER_PATHS = NO;
				CLANG_ANALYZER_NONNULL = YES;
				CLANG_ANALYZER_NUMBER_OBJECT_CONVERSION = YES_AGGRESSIVE;
				CLANG_CXX_LANGUAGE_STANDARD = "gnu++14";
				CLANG_CXX_LIBRARY = "libc++";
				CLANG_ENABLE_MODULES = YES;
				CLANG_ENABLE_OBJC_ARC = YES;
				CLANG_ENABLE_OBJC_WEAK = YES;
				CLANG_WARN_BLOCK_CAPTURE_AUTORELEASING = YES;
				CLANG_WARN_BOOL_CONVERSION = YES;
				CLANG_WARN_COMMA = YES;
				CLANG_WARN_CONSTANT_CONVERSION = YES;
				CLANG_WARN_DEPRECATED_OBJC_IMPLEMENTATIONS = YES;
				CLANG_WARN_DIRECT_OBJC_ISA_USAGE = YES_ERROR;
				CLANG_WARN_DOCUMENTATION_COMMENTS = YES;
				CLANG_WARN_EMPTY_BODY = YES;
				CLANG_WARN_ENUM_CONVERSION = YES;
				CLANG_WARN_INFINITE_RECURSION = YES;
				CLANG_WARN_INT_CONVERSION = YES;
				CLANG_WARN_NON_LITERAL_NULL_CONVERSION = YES;
				CLANG_WARN_OBJC_IMPLICIT_RETAIN_SELF = YES;
				CLANG_WARN_OBJC_LITERAL_CONVERSION = YES;
				CLANG_WARN_OBJC_ROOT_CLASS = YES_ERROR;
				CLANG_WARN_RANGE_LOOP_ANALYSIS = YES;
				CLANG_WARN_STRICT_PROTOTYPES = YES;
				CLANG_WARN_SUSPICIOUS_MOVE = YES;
				CLANG_WARN_UNGUARDED_AVAILABILITY = YES_AGGRESSIVE;
				CLANG_WARN_UNREACHABLE_CODE = YES;
				CLANG_WARN__DUPLICATE_METHOD_MATCH = YES;
				COPY_PHASE_STRIP = NO;
				DEBUG_INFORMATION_FORMAT = "dwarf-with-dsym";
				ENABLE_NS_ASSERTIONS = NO;
				ENABLE_STRICT_OBJC_MSGSEND = YES;
				GCC_C_LANGUAGE_STANDARD = gnu11;
				GCC_NO_COMMON_BLOCKS = YES;
				GCC_WARN_64_TO_32_BIT_CONVERSION = YES;
				GCC_WARN_ABOUT_RETURN_TYPE = YES_ERROR;
				GCC_WARN_UNDECLARED_SELECTOR = YES;
				GCC_WARN_UNINITIALIZED_AUTOS = YES_AGGRESSIVE;
				GCC_WARN_UNUSED_FUNCTION = YES;
				GCC_WARN_UNUSED_VARIABLE = YES;
				IPHONEOS_DEPLOYMENT_TARGET = 13.4;
				MTL_ENABLE_DEBUG_INFO = NO;
				MTL_FAST_MATH = YES;
				SDKROOT = iphoneos;
				SWIFT_COMPILATION_MODE = wholemodule;
				SWIFT_OPTIMIZATION_LEVEL = "-O";
				VALIDATE_PRODUCT = YES;
			};
			name = Release;
		};
		BA496A09243B9A9E00C42E70 /* Debug */ = {
			isa = XCBuildConfiguration;
			buildSettings = {
				ASSETCATALOG_COMPILER_APPICON_NAME = AppIcon;
				CODE_SIGN_STYLE = Automatic;
				DEVELOPMENT_TEAM = R29T922PDR;
				INFOPLIST_FILE = ColorGame/Info.plist;
				LD_RUNPATH_SEARCH_PATHS = (
					"$(inherited)",
					"@executable_path/Frameworks",
				);
				PRODUCT_BUNDLE_IDENTIFIER = Aeschinder.ColorGame;
				PRODUCT_NAME = "$(TARGET_NAME)";
				SWIFT_VERSION = 5.0;
				TARGETED_DEVICE_FAMILY = "1,2";
			};
			name = Debug;
		};
		BA496A0A243B9A9E00C42E70 /* Release */ = {
			isa = XCBuildConfiguration;
			buildSettings = {
				ASSETCATALOG_COMPILER_APPICON_NAME = AppIcon;
				CODE_SIGN_STYLE = Automatic;
				DEVELOPMENT_TEAM = R29T922PDR;
				INFOPLIST_FILE = ColorGame/Info.plist;
				LD_RUNPATH_SEARCH_PATHS = (
					"$(inherited)",
					"@executable_path/Frameworks",
				);
				PRODUCT_BUNDLE_IDENTIFIER = Aeschinder.ColorGame;
				PRODUCT_NAME = "$(TARGET_NAME)";
				SWIFT_VERSION = 5.0;
				TARGETED_DEVICE_FAMILY = "1,2";
			};
			name = Release;
		};
/* End XCBuildConfiguration section */

/* Begin XCConfigurationList section */
		BA4969EB243B9A9A00C42E70 /* Build configuration list for PBXProject "ColorGame" */ = {
			isa = XCConfigurationList;
			buildConfigurations = (
				BA496A06243B9A9E00C42E70 /* Debug */,
				BA496A07243B9A9E00C42E70 /* Release */,
			);
			defaultConfigurationIsVisible = 0;
			defaultConfigurationName = Release;
		};
		BA496A08243B9A9E00C42E70 /* Build configuration list for PBXNativeTarget "ColorGame" */ = {
			isa = XCConfigurationList;
			buildConfigurations = (
				BA496A09243B9A9E00C42E70 /* Debug */,
				BA496A0A243B9A9E00C42E70 /* Release */,
			);
			defaultConfigurationIsVisible = 0;
			defaultConfigurationName = Release;
		};
/* End XCConfigurationList section */
	};
	rootObject = BA4969E8243B9A9A00C42E70 /* Project object */;
}
